
Microsoft Visual Studio Solution File, Format Version 12.00
# Visual Studio Version 16
VisualStudioVersion = 16.0.31911.196
MinimumVisualStudioVersion = 10.0.40219.1
Project("{FAE04EC0-301F-11D3-BF4B-00C04F79EFBC}") = "BudgetTracApp", "BudgetTracApp\BudgetTracApp.csproj", "{28B10C12-4949-4940-9A35-365C1AEF148B}"
EndProject
Project("{FAE04EC0-301F-11D3-BF4B-00C04F79EFBC}") = "BudgetTracAppTests", "BudgetTracAppTests\BudgetTracAppTests.csproj", "{00A2EBCE-48B5-4F6E-BBE8-8E46C455F77B}"
EndProject
Global
	GlobalSection(SolutionConfigurationPlatforms) = preSolution
		Debug|Any CPU = Debug|Any CPU
		Release|Any CPU = Release|Any CPU
	EndGlobalSection
	GlobalSection(ProjectConfigurationPlatforms) = postSolution
		{28B10C12-4949-4940-9A35-365C1AEF148B}.Debug|Any CPU.ActiveCfg = Debug|Any CPU
		{28B10C12-4949-4940-9A35-365C1AEF148B}.Debug|Any CPU.Build.0 = Debug|Any CPU
		{28B10C12-4949-4940-9A35-365C1AEF148B}.Release|Any CPU.ActiveCfg = Release|Any CPU
		{28B10C12-4949-4940-9A35-365C1AEF148B}.Release|Any CPU.Build.0 = Release|Any CPU
		{00A2EBCE-48B5-4F6E-BBE8-8E46C455F77B}.Debug|Any CPU.ActiveCfg = Debug|Any CPU
		{00A2EBCE-48B5-4F6E-BBE8-8E46C455F77B}.Debug|Any CPU.Build.0 = Debug|Any CPU
		{00A2EBCE-48B5-4F6E-BBE8-8E46C455F77B}.Release|Any CPU.ActiveCfg = Release|Any CPU
		{00A2EBCE-48B5-4F6E-BBE8-8E46C455F77B}.Release|Any CPU.Build.0 = Release|Any CPU
	EndGlobalSection
	GlobalSection(SolutionProperties) = preSolution
		HideSolutionNode = FALSE
	EndGlobalSection
	GlobalSection(ExtensibilityGlobals) = postSolution
		SolutionGuid = {A03CC54B-B0AE-4627-801C-7934E3C8B2E8}
	EndGlobalSection
EndGlobal
